
Microsoft Visual Studio Solution File, Format Version 12.00
# Visual Studio Version 17
VisualStudioVersion = 17.8.34511.84
MinimumVisualStudioVersion = 10.0.40219.1
Project("{FAE04EC0-301F-11D3-BF4B-00C04F79EFBC}") = "RecetarioInteligente", "Reecetario\RecetarioInteligente.csproj", "{C54083CF-1864-48A6-ADF1-1C52C463608A}"
EndProject
Global
	GlobalSection(SolutionConfigurationPlatforms) = preSolution
		Debug|Any CPU = Debug|Any CPU
		Release|Any CPU = Release|Any CPU
	EndGlobalSection
	GlobalSection(ProjectConfigurationPlatforms) = postSolution
		{C54083CF-1864-48A6-ADF1-1C52C463608A}.Debug|Any CPU.ActiveCfg = Debug|Any CPU
		{C54083CF-1864-48A6-ADF1-1C52C463608A}.Debug|Any CPU.Build.0 = Debug|Any CPU
		{C54083CF-1864-48A6-ADF1-1C52C463608A}.Release|Any CPU.ActiveCfg = Release|Any CPU
		{C54083CF-1864-48A6-ADF1-1C52C463608A}.Release|Any CPU.Build.0 = Release|Any CPU
	EndGlobalSection
	GlobalSection(SolutionProperties) = preSolution
		HideSolutionNode = FALSE
	EndGlobalSection
	GlobalSection(ExtensibilityGlobals) = postSolution
		SolutionGuid = {75E170E0-22E9-4E4E-81CA-C2B0169D5034}
	EndGlobalSection
EndGlobal
